
Microsoft Visual Studio Solution File, Format Version 12.00
# Visual Studio 15
VisualStudioVersion = 15.0.28010.2041
MinimumVisualStudioVersion = 10.0.40219.1
Project("{FAE04EC0-301F-11D3-BF4B-00C04F79EFBC}") = "Ejercicio 31", "Ejercicio 31\Ejercicio 31.csproj", "{CDD1366F-C7BF-4B3E-B501-FC5561A4AB7B}"
EndProject
Project("{FAE04EC0-301F-11D3-BF4B-00C04F79EFBC}") = "Ejercicio 32", "Ejercicio 32\Ejercicio 32.csproj", "{2FAD1EEB-F966-4B17-9C70-9BB9BF35C873}"
EndProject
Project("{FAE04EC0-301F-11D3-BF4B-00C04F79EFBC}") = "Ejercicio 33", "Ejercicio 33\Ejercicio 33.csproj", "{ECF3CD68-39CC-4DF9-AB5C-B79B9C98DC9B}"
EndProject
Global
	GlobalSection(SolutionConfigurationPlatforms) = preSolution
		Debug|Any CPU = Debug|Any CPU
		Release|Any CPU = Release|Any CPU
	EndGlobalSection
	GlobalSection(ProjectConfigurationPlatforms) = postSolution
		{CDD1366F-C7BF-4B3E-B501-FC5561A4AB7B}.Debug|Any CPU.ActiveCfg = Debug|Any CPU
		{CDD1366F-C7BF-4B3E-B501-FC5561A4AB7B}.Debug|Any CPU.Build.0 = Debug|Any CPU
		{CDD1366F-C7BF-4B3E-B501-FC5561A4AB7B}.Release|Any CPU.ActiveCfg = Release|Any CPU
		{CDD1366F-C7BF-4B3E-B501-FC5561A4AB7B}.Release|Any CPU.Build.0 = Release|Any CPU
		{2FAD1EEB-F966-4B17-9C70-9BB9BF35C873}.Debug|Any CPU.ActiveCfg = Debug|Any CPU
		{2FAD1EEB-F966-4B17-9C70-9BB9BF35C873}.Debug|Any CPU.Build.0 = Debug|Any CPU
		{2FAD1EEB-F966-4B17-9C70-9BB9BF35C873}.Release|Any CPU.ActiveCfg = Release|Any CPU
		{2FAD1EEB-F966-4B17-9C70-9BB9BF35C873}.Release|Any CPU.Build.0 = Release|Any CPU
		{ECF3CD68-39CC-4DF9-AB5C-B79B9C98DC9B}.Debug|Any CPU.ActiveCfg = Debug|Any CPU
		{ECF3CD68-39CC-4DF9-AB5C-B79B9C98DC9B}.Debug|Any CPU.Build.0 = Debug|Any CPU
		{ECF3CD68-39CC-4DF9-AB5C-B79B9C98DC9B}.Release|Any CPU.ActiveCfg = Release|Any CPU
		{ECF3CD68-39CC-4DF9-AB5C-B79B9C98DC9B}.Release|Any CPU.Build.0 = Release|Any CPU
	EndGlobalSection
	GlobalSection(SolutionProperties) = preSolution
		HideSolutionNode = FALSE
	EndGlobalSection
	GlobalSection(ExtensibilityGlobals) = postSolution
		SolutionGuid = {0BB52E1A-580B-46FF-8582-6DE2F2CF1716}
	EndGlobalSection
EndGlobal
