
Microsoft Visual Studio Solution File, Format Version 12.00
# Visual Studio 15
VisualStudioVersion = 15.0.28010.2050
MinimumVisualStudioVersion = 10.0.40219.1
Project("{FAE04EC0-301F-11D3-BF4B-00C04F79EFBC}") = "Ejercicio 63", "Ejercicio 63\Ejercicio 63.csproj", "{BADA67E7-30AD-4508-BC37-5B6C30ADF9FC}"
EndProject
Global
	GlobalSection(SolutionConfigurationPlatforms) = preSolution
		Debug|Any CPU = Debug|Any CPU
		Release|Any CPU = Release|Any CPU
	EndGlobalSection
	GlobalSection(ProjectConfigurationPlatforms) = postSolution
		{BADA67E7-30AD-4508-BC37-5B6C30ADF9FC}.Debug|Any CPU.ActiveCfg = Debug|Any CPU
		{BADA67E7-30AD-4508-BC37-5B6C30ADF9FC}.Debug|Any CPU.Build.0 = Debug|Any CPU
		{BADA67E7-30AD-4508-BC37-5B6C30ADF9FC}.Release|Any CPU.ActiveCfg = Release|Any CPU
		{BADA67E7-30AD-4508-BC37-5B6C30ADF9FC}.Release|Any CPU.Build.0 = Release|Any CPU
	EndGlobalSection
	GlobalSection(SolutionProperties) = preSolution
		HideSolutionNode = FALSE
	EndGlobalSection
	GlobalSection(ExtensibilityGlobals) = postSolution
		SolutionGuid = {DA0C4CEB-25CB-4DB3-8E77-1DFCEE6D0108}
	EndGlobalSection
EndGlobal
