
Microsoft Visual Studio Solution File, Format Version 12.00
# Visual Studio 15
VisualStudioVersion = 15.0.28010.2050
MinimumVisualStudioVersion = 10.0.40219.1
Project("{FAE04EC0-301F-11D3-BF4B-00C04F79EFBC}") = "Ejercicio 55", "Ejercicio 55\Ejercicio 55.csproj", "{FE9B1FB8-4E0F-4FD6-AAEC-247DBE0A1241}"
EndProject
Project("{2150E333-8FDC-42A3-9474-1A3956D46DE8}") = "Ejercicio 54", "Ejercicio 54", "{A189441A-05BF-45DD-89BA-9C546C5BE36E}"
EndProject
Project("{FAE04EC0-301F-11D3-BF4B-00C04F79EFBC}") = "Ejercicio 54", "..\10.Manassali.Leonardo.2A.Excepciones\Ejercicio 42\Ejercicio 54.csproj", "{BEBD9454-F393-4638-8727-A5C0610502D9}"
EndProject
Project("{FAE04EC0-301F-11D3-BF4B-00C04F79EFBC}") = "IO", "IO\IO.csproj", "{B32E9112-63A6-4989-9EFA-E2E85209B07F}"
EndProject
Project("{FAE04EC0-301F-11D3-BF4B-00C04F79EFBC}") = "Ejercicio 56", "Ejercicio 56\Ejercicio 56.csproj", "{7DD4AA0A-15E0-4C37-ABE3-DDE6C6D19F40}"
EndProject
Global
	GlobalSection(SolutionConfigurationPlatforms) = preSolution
		Debug|Any CPU = Debug|Any CPU
		Release|Any CPU = Release|Any CPU
	EndGlobalSection
	GlobalSection(ProjectConfigurationPlatforms) = postSolution
		{FE9B1FB8-4E0F-4FD6-AAEC-247DBE0A1241}.Debug|Any CPU.ActiveCfg = Debug|Any CPU
		{FE9B1FB8-4E0F-4FD6-AAEC-247DBE0A1241}.Debug|Any CPU.Build.0 = Debug|Any CPU
		{FE9B1FB8-4E0F-4FD6-AAEC-247DBE0A1241}.Release|Any CPU.ActiveCfg = Release|Any CPU
		{FE9B1FB8-4E0F-4FD6-AAEC-247DBE0A1241}.Release|Any CPU.Build.0 = Release|Any CPU
		{BEBD9454-F393-4638-8727-A5C0610502D9}.Debug|Any CPU.ActiveCfg = Debug|Any CPU
		{BEBD9454-F393-4638-8727-A5C0610502D9}.Debug|Any CPU.Build.0 = Debug|Any CPU
		{BEBD9454-F393-4638-8727-A5C0610502D9}.Release|Any CPU.ActiveCfg = Release|Any CPU
		{BEBD9454-F393-4638-8727-A5C0610502D9}.Release|Any CPU.Build.0 = Release|Any CPU
		{B32E9112-63A6-4989-9EFA-E2E85209B07F}.Debug|Any CPU.ActiveCfg = Debug|Any CPU
		{B32E9112-63A6-4989-9EFA-E2E85209B07F}.Debug|Any CPU.Build.0 = Debug|Any CPU
		{B32E9112-63A6-4989-9EFA-E2E85209B07F}.Release|Any CPU.ActiveCfg = Release|Any CPU
		{B32E9112-63A6-4989-9EFA-E2E85209B07F}.Release|Any CPU.Build.0 = Release|Any CPU
		{7DD4AA0A-15E0-4C37-ABE3-DDE6C6D19F40}.Debug|Any CPU.ActiveCfg = Debug|Any CPU
		{7DD4AA0A-15E0-4C37-ABE3-DDE6C6D19F40}.Debug|Any CPU.Build.0 = Debug|Any CPU
		{7DD4AA0A-15E0-4C37-ABE3-DDE6C6D19F40}.Release|Any CPU.ActiveCfg = Release|Any CPU
		{7DD4AA0A-15E0-4C37-ABE3-DDE6C6D19F40}.Release|Any CPU.Build.0 = Release|Any CPU
	EndGlobalSection
	GlobalSection(SolutionProperties) = preSolution
		HideSolutionNode = FALSE
	EndGlobalSection
	GlobalSection(NestedProjects) = preSolution
		{BEBD9454-F393-4638-8727-A5C0610502D9} = {A189441A-05BF-45DD-89BA-9C546C5BE36E}
		{B32E9112-63A6-4989-9EFA-E2E85209B07F} = {A189441A-05BF-45DD-89BA-9C546C5BE36E}
	EndGlobalSection
	GlobalSection(ExtensibilityGlobals) = postSolution
		SolutionGuid = {68A8215E-270F-4D46-A42D-BC60799D19FB}
	EndGlobalSection
EndGlobal
