
Microsoft Visual Studio Solution File, Format Version 12.00
# Visual Studio 15
VisualStudioVersion = 15.0.28010.2003
MinimumVisualStudioVersion = 10.0.40219.1
Project("{FAE04EC0-301F-11D3-BF4B-00C04F79EFBC}") = "Ejercicio 11", "Ejercicio 11\Ejercicio 11.csproj", "{C97782B2-6C01-4F62-8873-A13D19CCE9F7}"
EndProject
Project("{FAE04EC0-301F-11D3-BF4B-00C04F79EFBC}") = "Ejercicio 12", "Ejercicio 12\Ejercicio 12.csproj", "{8114A802-A3A8-40FC-804E-7E48784B1AB7}"
EndProject
Project("{FAE04EC0-301F-11D3-BF4B-00C04F79EFBC}") = "Ejercicio 13", "Ejercicio 13\Ejercicio 13.csproj", "{2FC2EE68-FC58-472B-9525-EABE73E26B99}"
EndProject
Project("{FAE04EC0-301F-11D3-BF4B-00C04F79EFBC}") = "Ejercicio 14", "Ejercicio 14\Ejercicio 14.csproj", "{6632636F-BA61-4AA9-BBE9-C28C3FA37CC8}"
EndProject
Project("{FAE04EC0-301F-11D3-BF4B-00C04F79EFBC}") = "Ejercicio 15", "Ejercicio 15\Ejercicio 15.csproj", "{9BA82F8C-9510-4E0A-A820-24E433654242}"
EndProject
Global
	GlobalSection(SolutionConfigurationPlatforms) = preSolution
		Debug|Any CPU = Debug|Any CPU
		Release|Any CPU = Release|Any CPU
	EndGlobalSection
	GlobalSection(ProjectConfigurationPlatforms) = postSolution
		{C97782B2-6C01-4F62-8873-A13D19CCE9F7}.Debug|Any CPU.ActiveCfg = Debug|Any CPU
		{C97782B2-6C01-4F62-8873-A13D19CCE9F7}.Debug|Any CPU.Build.0 = Debug|Any CPU
		{C97782B2-6C01-4F62-8873-A13D19CCE9F7}.Release|Any CPU.ActiveCfg = Release|Any CPU
		{C97782B2-6C01-4F62-8873-A13D19CCE9F7}.Release|Any CPU.Build.0 = Release|Any CPU
		{8114A802-A3A8-40FC-804E-7E48784B1AB7}.Debug|Any CPU.ActiveCfg = Debug|Any CPU
		{8114A802-A3A8-40FC-804E-7E48784B1AB7}.Debug|Any CPU.Build.0 = Debug|Any CPU
		{8114A802-A3A8-40FC-804E-7E48784B1AB7}.Release|Any CPU.ActiveCfg = Release|Any CPU
		{8114A802-A3A8-40FC-804E-7E48784B1AB7}.Release|Any CPU.Build.0 = Release|Any CPU
		{2FC2EE68-FC58-472B-9525-EABE73E26B99}.Debug|Any CPU.ActiveCfg = Debug|Any CPU
		{2FC2EE68-FC58-472B-9525-EABE73E26B99}.Debug|Any CPU.Build.0 = Debug|Any CPU
		{2FC2EE68-FC58-472B-9525-EABE73E26B99}.Release|Any CPU.ActiveCfg = Release|Any CPU
		{2FC2EE68-FC58-472B-9525-EABE73E26B99}.Release|Any CPU.Build.0 = Release|Any CPU
		{6632636F-BA61-4AA9-BBE9-C28C3FA37CC8}.Debug|Any CPU.ActiveCfg = Debug|Any CPU
		{6632636F-BA61-4AA9-BBE9-C28C3FA37CC8}.Debug|Any CPU.Build.0 = Debug|Any CPU
		{6632636F-BA61-4AA9-BBE9-C28C3FA37CC8}.Release|Any CPU.ActiveCfg = Release|Any CPU
		{6632636F-BA61-4AA9-BBE9-C28C3FA37CC8}.Release|Any CPU.Build.0 = Release|Any CPU
		{9BA82F8C-9510-4E0A-A820-24E433654242}.Debug|Any CPU.ActiveCfg = Debug|Any CPU
		{9BA82F8C-9510-4E0A-A820-24E433654242}.Debug|Any CPU.Build.0 = Debug|Any CPU
		{9BA82F8C-9510-4E0A-A820-24E433654242}.Release|Any CPU.ActiveCfg = Release|Any CPU
		{9BA82F8C-9510-4E0A-A820-24E433654242}.Release|Any CPU.Build.0 = Release|Any CPU
	EndGlobalSection
	GlobalSection(SolutionProperties) = preSolution
		HideSolutionNode = FALSE
	EndGlobalSection
	GlobalSection(ExtensibilityGlobals) = postSolution
		SolutionGuid = {2EB77A2F-8F79-425F-942E-A86E1D3D7816}
	EndGlobalSection
EndGlobal
