
Microsoft Visual Studio Solution File, Format Version 12.00
# Visual Studio 15
VisualStudioVersion = 15.0.28010.2050
MinimumVisualStudioVersion = 10.0.40219.1
Project("{FAE04EC0-301F-11D3-BF4B-00C04F79EFBC}") = "Entidades", "Entidades\Entidades.csproj", "{EE49606E-2974-42CA-9461-3A04C1EEEB99}"
EndProject
Project("{FAE04EC0-301F-11D3-BF4B-00C04F79EFBC}") = "MainCorreo", "MainCorreo\MainCorreo.csproj", "{64DCEE0C-E659-4ED3-930A-7E42A7C8E4A5}"
EndProject
Project("{FAE04EC0-301F-11D3-BF4B-00C04F79EFBC}") = "Tests Unitarios", "Tests Unitarios\Tests Unitarios.csproj", "{7D814EF7-F709-420B-8E7A-8269182C1111}"
EndProject
Global
	GlobalSection(SolutionConfigurationPlatforms) = preSolution
		Debug|Any CPU = Debug|Any CPU
		Release|Any CPU = Release|Any CPU
	EndGlobalSection
	GlobalSection(ProjectConfigurationPlatforms) = postSolution
		{EE49606E-2974-42CA-9461-3A04C1EEEB99}.Debug|Any CPU.ActiveCfg = Debug|Any CPU
		{EE49606E-2974-42CA-9461-3A04C1EEEB99}.Debug|Any CPU.Build.0 = Debug|Any CPU
		{EE49606E-2974-42CA-9461-3A04C1EEEB99}.Release|Any CPU.ActiveCfg = Release|Any CPU
		{EE49606E-2974-42CA-9461-3A04C1EEEB99}.Release|Any CPU.Build.0 = Release|Any CPU
		{64DCEE0C-E659-4ED3-930A-7E42A7C8E4A5}.Debug|Any CPU.ActiveCfg = Debug|Any CPU
		{64DCEE0C-E659-4ED3-930A-7E42A7C8E4A5}.Debug|Any CPU.Build.0 = Debug|Any CPU
		{64DCEE0C-E659-4ED3-930A-7E42A7C8E4A5}.Release|Any CPU.ActiveCfg = Release|Any CPU
		{64DCEE0C-E659-4ED3-930A-7E42A7C8E4A5}.Release|Any CPU.Build.0 = Release|Any CPU
		{7D814EF7-F709-420B-8E7A-8269182C1111}.Debug|Any CPU.ActiveCfg = Debug|Any CPU
		{7D814EF7-F709-420B-8E7A-8269182C1111}.Debug|Any CPU.Build.0 = Debug|Any CPU
		{7D814EF7-F709-420B-8E7A-8269182C1111}.Release|Any CPU.ActiveCfg = Release|Any CPU
		{7D814EF7-F709-420B-8E7A-8269182C1111}.Release|Any CPU.Build.0 = Release|Any CPU
	EndGlobalSection
	GlobalSection(SolutionProperties) = preSolution
		HideSolutionNode = FALSE
	EndGlobalSection
	GlobalSection(ExtensibilityGlobals) = postSolution
		SolutionGuid = {D5CD54D7-8C52-4E94-B320-8C19D83DB1D3}
	EndGlobalSection
EndGlobal
