
Microsoft Visual Studio Solution File, Format Version 12.00
# Visual Studio 15
VisualStudioVersion = 15.0.28010.2041
MinimumVisualStudioVersion = 10.0.40219.1
Project("{FAE04EC0-301F-11D3-BF4B-00C04F79EFBC}") = "CentralitaHerencia", "CentralitaHerencia\CentralitaHerencia.csproj", "{3B62FBB5-8C2F-45D7-9C0E-2F9A49F44C04}"
EndProject
Project("{FAE04EC0-301F-11D3-BF4B-00C04F79EFBC}") = "Test", "Test\Test.csproj", "{F98BACCB-5C0E-405E-8167-6DFB95E8BF5E}"
EndProject
Global
	GlobalSection(SolutionConfigurationPlatforms) = preSolution
		Debug|Any CPU = Debug|Any CPU
		Release|Any CPU = Release|Any CPU
	EndGlobalSection
	GlobalSection(ProjectConfigurationPlatforms) = postSolution
		{3B62FBB5-8C2F-45D7-9C0E-2F9A49F44C04}.Debug|Any CPU.ActiveCfg = Debug|Any CPU
		{3B62FBB5-8C2F-45D7-9C0E-2F9A49F44C04}.Debug|Any CPU.Build.0 = Debug|Any CPU
		{3B62FBB5-8C2F-45D7-9C0E-2F9A49F44C04}.Release|Any CPU.ActiveCfg = Release|Any CPU
		{3B62FBB5-8C2F-45D7-9C0E-2F9A49F44C04}.Release|Any CPU.Build.0 = Release|Any CPU
		{F98BACCB-5C0E-405E-8167-6DFB95E8BF5E}.Debug|Any CPU.ActiveCfg = Debug|Any CPU
		{F98BACCB-5C0E-405E-8167-6DFB95E8BF5E}.Debug|Any CPU.Build.0 = Debug|Any CPU
		{F98BACCB-5C0E-405E-8167-6DFB95E8BF5E}.Release|Any CPU.ActiveCfg = Release|Any CPU
		{F98BACCB-5C0E-405E-8167-6DFB95E8BF5E}.Release|Any CPU.Build.0 = Release|Any CPU
	EndGlobalSection
	GlobalSection(SolutionProperties) = preSolution
		HideSolutionNode = FALSE
	EndGlobalSection
	GlobalSection(ExtensibilityGlobals) = postSolution
		SolutionGuid = {B899A52B-A789-41A9-B9AC-77BA1D3E4F77}
	EndGlobalSection
EndGlobal
