
Microsoft Visual Studio Solution File, Format Version 12.00
# Visual Studio 15
VisualStudioVersion = 15.0.28010.2003
MinimumVisualStudioVersion = 10.0.40219.1
Project("{FAE04EC0-301F-11D3-BF4B-00C04F79EFBC}") = "Ejercicio A", "Ejercicio A\Ejercicio A.csproj", "{42C5D921-9D8C-489A-997E-DE2CE2E1E35A}"
EndProject
Project("{FAE04EC0-301F-11D3-BF4B-00C04F79EFBC}") = "Ejercicio B", "Ejercicio B\Ejercicio B.csproj", "{12719F6A-10B9-4B3D-AFBD-8933332D3634}"
EndProject
Global
	GlobalSection(SolutionConfigurationPlatforms) = preSolution
		Debug|Any CPU = Debug|Any CPU
		Release|Any CPU = Release|Any CPU
	EndGlobalSection
	GlobalSection(ProjectConfigurationPlatforms) = postSolution
		{42C5D921-9D8C-489A-997E-DE2CE2E1E35A}.Debug|Any CPU.ActiveCfg = Debug|Any CPU
		{42C5D921-9D8C-489A-997E-DE2CE2E1E35A}.Debug|Any CPU.Build.0 = Debug|Any CPU
		{42C5D921-9D8C-489A-997E-DE2CE2E1E35A}.Release|Any CPU.ActiveCfg = Release|Any CPU
		{42C5D921-9D8C-489A-997E-DE2CE2E1E35A}.Release|Any CPU.Build.0 = Release|Any CPU
		{12719F6A-10B9-4B3D-AFBD-8933332D3634}.Debug|Any CPU.ActiveCfg = Debug|Any CPU
		{12719F6A-10B9-4B3D-AFBD-8933332D3634}.Debug|Any CPU.Build.0 = Debug|Any CPU
		{12719F6A-10B9-4B3D-AFBD-8933332D3634}.Release|Any CPU.ActiveCfg = Release|Any CPU
		{12719F6A-10B9-4B3D-AFBD-8933332D3634}.Release|Any CPU.Build.0 = Release|Any CPU
	EndGlobalSection
	GlobalSection(SolutionProperties) = preSolution
		HideSolutionNode = FALSE
	EndGlobalSection
	GlobalSection(ExtensibilityGlobals) = postSolution
		SolutionGuid = {DDADA238-1DB1-48AF-A309-7114CBDF17A3}
	EndGlobalSection
EndGlobal
