
Microsoft Visual Studio Solution File, Format Version 12.00
# Visual Studio 15
VisualStudioVersion = 15.0.28010.2003
MinimumVisualStudioVersion = 10.0.40219.1
Project("{FAE04EC0-301F-11D3-BF4B-00C04F79EFBC}") = "MiCalculadora", "MiCalculadora.csproj", "{047961A0-3AF9-4F76-87D6-0147AFF7852A}"
EndProject
Project("{FAE04EC0-301F-11D3-BF4B-00C04F79EFBC}") = "testeo", "..\testeo\testeo.csproj", "{D01A74CD-C44F-40B7-8417-7B369954B935}"
EndProject
Global
	GlobalSection(SolutionConfigurationPlatforms) = preSolution
		Debug|Any CPU = Debug|Any CPU
		Release|Any CPU = Release|Any CPU
	EndGlobalSection
	GlobalSection(ProjectConfigurationPlatforms) = postSolution
		{047961A0-3AF9-4F76-87D6-0147AFF7852A}.Debug|Any CPU.ActiveCfg = Debug|Any CPU
		{047961A0-3AF9-4F76-87D6-0147AFF7852A}.Debug|Any CPU.Build.0 = Debug|Any CPU
		{047961A0-3AF9-4F76-87D6-0147AFF7852A}.Release|Any CPU.ActiveCfg = Release|Any CPU
		{047961A0-3AF9-4F76-87D6-0147AFF7852A}.Release|Any CPU.Build.0 = Release|Any CPU
		{D01A74CD-C44F-40B7-8417-7B369954B935}.Debug|Any CPU.ActiveCfg = Debug|Any CPU
		{D01A74CD-C44F-40B7-8417-7B369954B935}.Debug|Any CPU.Build.0 = Debug|Any CPU
		{D01A74CD-C44F-40B7-8417-7B369954B935}.Release|Any CPU.ActiveCfg = Release|Any CPU
		{D01A74CD-C44F-40B7-8417-7B369954B935}.Release|Any CPU.Build.0 = Release|Any CPU
	EndGlobalSection
	GlobalSection(SolutionProperties) = preSolution
		HideSolutionNode = FALSE
	EndGlobalSection
	GlobalSection(ExtensibilityGlobals) = postSolution
		SolutionGuid = {9FD6D509-4A40-4CBE-9127-67723DACC4D3}
	EndGlobalSection
EndGlobal
