
Microsoft Visual Studio Solution File, Format Version 12.00
# Visual Studio 15
VisualStudioVersion = 15.0.27703.2047
MinimumVisualStudioVersion = 10.0.40219.1
Project("{9A19103F-16F7-4668-BE54-9A1E7A4F7556}") = "Entidades", "Entidades\Entidades.csproj", "{9ECFEC47-4C96-4FF8-9E06-A48F679BB60C}"
EndProject
Project("{FAE04EC0-301F-11D3-BF4B-00C04F79EFBC}") = "VistaConsola", "VistaConsola\VistaConsola.csproj", "{FEF95BA0-70F1-41B8-B440-5166641C8F4E}"
EndProject
Project("{FAE04EC0-301F-11D3-BF4B-00C04F79EFBC}") = "VistaForm", "VistaForm\VistaForm.csproj", "{32CD2966-B035-4E4A-97E8-8060B550BAC1}"
EndProject
Global
	GlobalSection(SolutionConfigurationPlatforms) = preSolution
		Debug|Any CPU = Debug|Any CPU
		Release|Any CPU = Release|Any CPU
	EndGlobalSection
	GlobalSection(ProjectConfigurationPlatforms) = postSolution
		{9ECFEC47-4C96-4FF8-9E06-A48F679BB60C}.Debug|Any CPU.ActiveCfg = Debug|Any CPU
		{9ECFEC47-4C96-4FF8-9E06-A48F679BB60C}.Debug|Any CPU.Build.0 = Debug|Any CPU
		{9ECFEC47-4C96-4FF8-9E06-A48F679BB60C}.Release|Any CPU.ActiveCfg = Release|Any CPU
		{9ECFEC47-4C96-4FF8-9E06-A48F679BB60C}.Release|Any CPU.Build.0 = Release|Any CPU
		{FEF95BA0-70F1-41B8-B440-5166641C8F4E}.Debug|Any CPU.ActiveCfg = Debug|Any CPU
		{FEF95BA0-70F1-41B8-B440-5166641C8F4E}.Debug|Any CPU.Build.0 = Debug|Any CPU
		{FEF95BA0-70F1-41B8-B440-5166641C8F4E}.Release|Any CPU.ActiveCfg = Release|Any CPU
		{FEF95BA0-70F1-41B8-B440-5166641C8F4E}.Release|Any CPU.Build.0 = Release|Any CPU
		{32CD2966-B035-4E4A-97E8-8060B550BAC1}.Debug|Any CPU.ActiveCfg = Debug|Any CPU
		{32CD2966-B035-4E4A-97E8-8060B550BAC1}.Debug|Any CPU.Build.0 = Debug|Any CPU
		{32CD2966-B035-4E4A-97E8-8060B550BAC1}.Release|Any CPU.ActiveCfg = Release|Any CPU
		{32CD2966-B035-4E4A-97E8-8060B550BAC1}.Release|Any CPU.Build.0 = Release|Any CPU
	EndGlobalSection
	GlobalSection(SolutionProperties) = preSolution
		HideSolutionNode = FALSE
	EndGlobalSection
	GlobalSection(ExtensibilityGlobals) = postSolution
		SolutionGuid = {ADF5B83A-C9CE-4549-942E-B42EF879EDF3}
	EndGlobalSection
EndGlobal
