
Microsoft Visual Studio Solution File, Format Version 12.00
# Visual Studio 2012
Project("{FAE04EC0-301F-11D3-BF4B-00C04F79EFBC}") = "Ejercicio 18", "Ejercicio 18\Ejercicio 18.csproj", "{99D86169-CECB-4B10-A489-A7F8C6B6AAA4}"
EndProject
Global
	GlobalSection(SolutionConfigurationPlatforms) = preSolution
		Debug|Any CPU = Debug|Any CPU
		Release|Any CPU = Release|Any CPU
	EndGlobalSection
	GlobalSection(ProjectConfigurationPlatforms) = postSolution
		{99D86169-CECB-4B10-A489-A7F8C6B6AAA4}.Debug|Any CPU.ActiveCfg = Debug|Any CPU
		{99D86169-CECB-4B10-A489-A7F8C6B6AAA4}.Debug|Any CPU.Build.0 = Debug|Any CPU
		{99D86169-CECB-4B10-A489-A7F8C6B6AAA4}.Release|Any CPU.ActiveCfg = Release|Any CPU
		{99D86169-CECB-4B10-A489-A7F8C6B6AAA4}.Release|Any CPU.Build.0 = Release|Any CPU
	EndGlobalSection
	GlobalSection(SolutionProperties) = preSolution
		HideSolutionNode = FALSE
	EndGlobalSection
EndGlobal
