
Microsoft Visual Studio Solution File, Format Version 12.00
# Visual Studio 15
VisualStudioVersion = 15.0.28010.2041
MinimumVisualStudioVersion = 10.0.40219.1
Project("{FAE04EC0-301F-11D3-BF4B-00C04F79EFBC}") = "Entidades", "Entidades\Entidades.csproj", "{199E6DC2-E8FC-4BC8-BC7A-CB3436DD2F50}"
EndProject
Project("{FAE04EC0-301F-11D3-BF4B-00C04F79EFBC}") = "TestEntidades", "TestEntidades\TestEntidades.csproj", "{6F08F962-48BA-444C-996F-2FF250028096}"
EndProject
Global
	GlobalSection(SolutionConfigurationPlatforms) = preSolution
		Debug|Any CPU = Debug|Any CPU
		Release|Any CPU = Release|Any CPU
	EndGlobalSection
	GlobalSection(ProjectConfigurationPlatforms) = postSolution
		{199E6DC2-E8FC-4BC8-BC7A-CB3436DD2F50}.Debug|Any CPU.ActiveCfg = Debug|Any CPU
		{199E6DC2-E8FC-4BC8-BC7A-CB3436DD2F50}.Debug|Any CPU.Build.0 = Debug|Any CPU
		{199E6DC2-E8FC-4BC8-BC7A-CB3436DD2F50}.Release|Any CPU.ActiveCfg = Release|Any CPU
		{199E6DC2-E8FC-4BC8-BC7A-CB3436DD2F50}.Release|Any CPU.Build.0 = Release|Any CPU
		{6F08F962-48BA-444C-996F-2FF250028096}.Debug|Any CPU.ActiveCfg = Debug|Any CPU
		{6F08F962-48BA-444C-996F-2FF250028096}.Debug|Any CPU.Build.0 = Debug|Any CPU
		{6F08F962-48BA-444C-996F-2FF250028096}.Release|Any CPU.ActiveCfg = Release|Any CPU
		{6F08F962-48BA-444C-996F-2FF250028096}.Release|Any CPU.Build.0 = Release|Any CPU
	EndGlobalSection
	GlobalSection(SolutionProperties) = preSolution
		HideSolutionNode = FALSE
	EndGlobalSection
	GlobalSection(ExtensibilityGlobals) = postSolution
		SolutionGuid = {34FC16EF-0EE1-4A26-A0C6-7A4B92E97452}
	EndGlobalSection
EndGlobal
