
Microsoft Visual Studio Solution File, Format Version 12.00
# Visual Studio 15
VisualStudioVersion = 15.0.27703.2047
MinimumVisualStudioVersion = 10.0.40219.1
Project("{FAE04EC0-301F-11D3-BF4B-00C04F79EFBC}") = "Entidades", "Entidades\Entidades.csproj", "{964D99E6-55D5-4C97-85D1-5B23F797BA07}"
EndProject
Project("{FAE04EC0-301F-11D3-BF4B-00C04F79EFBC}") = "Test Entidades", "Test Entidades\Test Entidades.csproj", "{1AE4ABC4-5167-42A6-A2ED-0D09E46185DD}"
EndProject
Global
	GlobalSection(SolutionConfigurationPlatforms) = preSolution
		Debug|Any CPU = Debug|Any CPU
		Release|Any CPU = Release|Any CPU
	EndGlobalSection
	GlobalSection(ProjectConfigurationPlatforms) = postSolution
		{964D99E6-55D5-4C97-85D1-5B23F797BA07}.Debug|Any CPU.ActiveCfg = Debug|Any CPU
		{964D99E6-55D5-4C97-85D1-5B23F797BA07}.Debug|Any CPU.Build.0 = Debug|Any CPU
		{964D99E6-55D5-4C97-85D1-5B23F797BA07}.Release|Any CPU.ActiveCfg = Release|Any CPU
		{964D99E6-55D5-4C97-85D1-5B23F797BA07}.Release|Any CPU.Build.0 = Release|Any CPU
		{1AE4ABC4-5167-42A6-A2ED-0D09E46185DD}.Debug|Any CPU.ActiveCfg = Debug|Any CPU
		{1AE4ABC4-5167-42A6-A2ED-0D09E46185DD}.Debug|Any CPU.Build.0 = Debug|Any CPU
		{1AE4ABC4-5167-42A6-A2ED-0D09E46185DD}.Release|Any CPU.ActiveCfg = Release|Any CPU
		{1AE4ABC4-5167-42A6-A2ED-0D09E46185DD}.Release|Any CPU.Build.0 = Release|Any CPU
	EndGlobalSection
	GlobalSection(SolutionProperties) = preSolution
		HideSolutionNode = FALSE
	EndGlobalSection
	GlobalSection(ExtensibilityGlobals) = postSolution
		SolutionGuid = {7B97692C-623C-41C9-8E7F-843D276BB36B}
	EndGlobalSection
EndGlobal
