
Microsoft Visual Studio Solution File, Format Version 12.00
# Visual Studio 15
VisualStudioVersion = 15.0.27703.2047
MinimumVisualStudioVersion = 10.0.40219.1
Project("{FAE04EC0-301F-11D3-BF4B-00C04F79EFBC}") = "Ejercicio archivos", "Ejercicio archivos\Ejercicio archivos.csproj", "{5D829AB9-1E33-4688-BF78-D17826605CA7}"
EndProject
Global
	GlobalSection(SolutionConfigurationPlatforms) = preSolution
		Debug|Any CPU = Debug|Any CPU
		Release|Any CPU = Release|Any CPU
	EndGlobalSection
	GlobalSection(ProjectConfigurationPlatforms) = postSolution
		{5D829AB9-1E33-4688-BF78-D17826605CA7}.Debug|Any CPU.ActiveCfg = Debug|Any CPU
		{5D829AB9-1E33-4688-BF78-D17826605CA7}.Debug|Any CPU.Build.0 = Debug|Any CPU
		{5D829AB9-1E33-4688-BF78-D17826605CA7}.Release|Any CPU.ActiveCfg = Release|Any CPU
		{5D829AB9-1E33-4688-BF78-D17826605CA7}.Release|Any CPU.Build.0 = Release|Any CPU
	EndGlobalSection
	GlobalSection(SolutionProperties) = preSolution
		HideSolutionNode = FALSE
	EndGlobalSection
	GlobalSection(ExtensibilityGlobals) = postSolution
		SolutionGuid = {24E8D410-ADD3-4B06-84A4-E3525FFE22C0}
	EndGlobalSection
EndGlobal
