
Microsoft Visual Studio Solution File, Format Version 12.00
# Visual Studio 15
VisualStudioVersion = 15.0.28010.2050
MinimumVisualStudioVersion = 10.0.40219.1
Project("{9A19103F-16F7-4668-BE54-9A1E7A4F7556}") = "CentralitaLibreria", "CentralitaLibreria\CentralitaLibreria.csproj", "{4B027BC8-E7FA-4A4C-BBA0-B7F178AA9128}"
EndProject
Project("{FAE04EC0-301F-11D3-BF4B-00C04F79EFBC}") = "Ejercicio 44", "Ejercicio 44\Ejercicio 44.csproj", "{7C390909-4F55-4B4D-A092-800AD7C272C9}"
EndProject
Project("{FAE04EC0-301F-11D3-BF4B-00C04F79EFBC}") = "Ejercicio 45", "Ejercicio 45\Ejercicio 45.csproj", "{CD41216D-3C82-4E82-8A5C-C75DD72F044B}"
EndProject
Project("{9A19103F-16F7-4668-BE54-9A1E7A4F7556}") = "Ejercicio42Libreria", "Ejercicio42Libreria\Ejercicio42Libreria.csproj", "{9E0479F2-78E8-47F3-ADBD-EB8A8DBC89D0}"
EndProject
Project("{FAE04EC0-301F-11D3-BF4B-00C04F79EFBC}") = "Ejercicio43Libreria", "Ejercicio43Libreria\Ejercicio43Libreria.csproj", "{2887A9ED-8AE8-483D-A29F-0C315956AB0B}"
EndProject
Project("{FAE04EC0-301F-11D3-BF4B-00C04F79EFBC}") = "Ejercicio 46", "Ejercicio 46\Ejercicio 46.csproj", "{0DD7D621-203F-4284-900F-EDA5C3D5DD45}"
EndProject
Global
	GlobalSection(SolutionConfigurationPlatforms) = preSolution
		Debug|Any CPU = Debug|Any CPU
		Release|Any CPU = Release|Any CPU
	EndGlobalSection
	GlobalSection(ProjectConfigurationPlatforms) = postSolution
		{4B027BC8-E7FA-4A4C-BBA0-B7F178AA9128}.Debug|Any CPU.ActiveCfg = Debug|Any CPU
		{4B027BC8-E7FA-4A4C-BBA0-B7F178AA9128}.Debug|Any CPU.Build.0 = Debug|Any CPU
		{4B027BC8-E7FA-4A4C-BBA0-B7F178AA9128}.Release|Any CPU.ActiveCfg = Release|Any CPU
		{4B027BC8-E7FA-4A4C-BBA0-B7F178AA9128}.Release|Any CPU.Build.0 = Release|Any CPU
		{7C390909-4F55-4B4D-A092-800AD7C272C9}.Debug|Any CPU.ActiveCfg = Debug|Any CPU
		{7C390909-4F55-4B4D-A092-800AD7C272C9}.Debug|Any CPU.Build.0 = Debug|Any CPU
		{7C390909-4F55-4B4D-A092-800AD7C272C9}.Release|Any CPU.ActiveCfg = Release|Any CPU
		{7C390909-4F55-4B4D-A092-800AD7C272C9}.Release|Any CPU.Build.0 = Release|Any CPU
		{CD41216D-3C82-4E82-8A5C-C75DD72F044B}.Debug|Any CPU.ActiveCfg = Debug|Any CPU
		{CD41216D-3C82-4E82-8A5C-C75DD72F044B}.Debug|Any CPU.Build.0 = Debug|Any CPU
		{CD41216D-3C82-4E82-8A5C-C75DD72F044B}.Release|Any CPU.ActiveCfg = Release|Any CPU
		{CD41216D-3C82-4E82-8A5C-C75DD72F044B}.Release|Any CPU.Build.0 = Release|Any CPU
		{9E0479F2-78E8-47F3-ADBD-EB8A8DBC89D0}.Debug|Any CPU.ActiveCfg = Debug|Any CPU
		{9E0479F2-78E8-47F3-ADBD-EB8A8DBC89D0}.Debug|Any CPU.Build.0 = Debug|Any CPU
		{9E0479F2-78E8-47F3-ADBD-EB8A8DBC89D0}.Release|Any CPU.ActiveCfg = Release|Any CPU
		{9E0479F2-78E8-47F3-ADBD-EB8A8DBC89D0}.Release|Any CPU.Build.0 = Release|Any CPU
		{2887A9ED-8AE8-483D-A29F-0C315956AB0B}.Debug|Any CPU.ActiveCfg = Debug|Any CPU
		{2887A9ED-8AE8-483D-A29F-0C315956AB0B}.Debug|Any CPU.Build.0 = Debug|Any CPU
		{2887A9ED-8AE8-483D-A29F-0C315956AB0B}.Release|Any CPU.ActiveCfg = Release|Any CPU
		{2887A9ED-8AE8-483D-A29F-0C315956AB0B}.Release|Any CPU.Build.0 = Release|Any CPU
		{0DD7D621-203F-4284-900F-EDA5C3D5DD45}.Debug|Any CPU.ActiveCfg = Debug|Any CPU
		{0DD7D621-203F-4284-900F-EDA5C3D5DD45}.Debug|Any CPU.Build.0 = Debug|Any CPU
		{0DD7D621-203F-4284-900F-EDA5C3D5DD45}.Release|Any CPU.ActiveCfg = Release|Any CPU
		{0DD7D621-203F-4284-900F-EDA5C3D5DD45}.Release|Any CPU.Build.0 = Release|Any CPU
	EndGlobalSection
	GlobalSection(SolutionProperties) = preSolution
		HideSolutionNode = FALSE
	EndGlobalSection
	GlobalSection(ExtensibilityGlobals) = postSolution
		SolutionGuid = {447C06FA-EB8E-44EF-BEBC-AD31247CEA82}
	EndGlobalSection
EndGlobal
